
Microsoft Visual Studio Solution File, Format Version 12.00
# Visual Studio Version 17
VisualStudioVersion = 17.4.33213.308
MinimumVisualStudioVersion = 10.0.40219.1
Project("{FAE04EC0-301F-11D3-BF4B-00C04F79EFBC}") = "API", "API\API.csproj", "{4E21B57A-CC03-475E-B3DE-C960D3FB8A34}"
EndProject
Project("{FAE04EC0-301F-11D3-BF4B-00C04F79EFBC}") = "Core", "Core\Core.csproj", "{9AF27FC1-02ED-4ED0-99C5-2DC344A27AFD}"
EndProject
Project("{FAE04EC0-301F-11D3-BF4B-00C04F79EFBC}") = "Infrastructre", "Infrastructre\Infrastructre.csproj", "{2E3F9402-716B-4652-8F0E-D76D3E9824F8}"
EndProject
Global
	GlobalSection(SolutionConfigurationPlatforms) = preSolution
		Debug|Any CPU = Debug|Any CPU
		Release|Any CPU = Release|Any CPU
	EndGlobalSection
	GlobalSection(ProjectConfigurationPlatforms) = postSolution
		{4E21B57A-CC03-475E-B3DE-C960D3FB8A34}.Debug|Any CPU.ActiveCfg = Debug|Any CPU
		{4E21B57A-CC03-475E-B3DE-C960D3FB8A34}.Debug|Any CPU.Build.0 = Debug|Any CPU
		{4E21B57A-CC03-475E-B3DE-C960D3FB8A34}.Release|Any CPU.ActiveCfg = Release|Any CPU
		{4E21B57A-CC03-475E-B3DE-C960D3FB8A34}.Release|Any CPU.Build.0 = Release|Any CPU
		{9AF27FC1-02ED-4ED0-99C5-2DC344A27AFD}.Debug|Any CPU.ActiveCfg = Debug|Any CPU
		{9AF27FC1-02ED-4ED0-99C5-2DC344A27AFD}.Debug|Any CPU.Build.0 = Debug|Any CPU
		{9AF27FC1-02ED-4ED0-99C5-2DC344A27AFD}.Release|Any CPU.ActiveCfg = Release|Any CPU
		{9AF27FC1-02ED-4ED0-99C5-2DC344A27AFD}.Release|Any CPU.Build.0 = Release|Any CPU
		{2E3F9402-716B-4652-8F0E-D76D3E9824F8}.Debug|Any CPU.ActiveCfg = Debug|Any CPU
		{2E3F9402-716B-4652-8F0E-D76D3E9824F8}.Debug|Any CPU.Build.0 = Debug|Any CPU
		{2E3F9402-716B-4652-8F0E-D76D3E9824F8}.Release|Any CPU.ActiveCfg = Release|Any CPU
		{2E3F9402-716B-4652-8F0E-D76D3E9824F8}.Release|Any CPU.Build.0 = Release|Any CPU
	EndGlobalSection
	GlobalSection(SolutionProperties) = preSolution
		HideSolutionNode = FALSE
	EndGlobalSection
	GlobalSection(ExtensibilityGlobals) = postSolution
		SolutionGuid = {DEAB9FDC-48CF-4BBB-B9CD-4E07B24C7A51}
	EndGlobalSection
EndGlobal
